// !$*UTF8*$!
{
	archiveVersion = 1;
	classes = {
	};
	objectVersion = 55;
	objects = {

/* Begin PBXBuildFile section */
		60A39E3928D3E74E007B0CAB /* AppDelegate.swift in Sources */ = {isa = PBXBuildFile; fileRef = 60A39E3828D3E74E007B0CAB /* AppDelegate.swift */; };
		60A39E3B28D3E74E007B0CAB /* SceneDelegate.swift in Sources */ = {isa = PBXBuildFile; fileRef = 60A39E3A28D3E74E007B0CAB /* SceneDelegate.swift */; };
		60A39E3D28D3E74E007B0CAB /* ViewController.swift in Sources */ = {isa = PBXBuildFile; fileRef = 60A39E3C28D3E74E007B0CAB /* ViewController.swift */; };
		60A39E4028D3E74E007B0CAB /* Main.storyboard in Resources */ = {isa = PBXBuildFile; fileRef = 60A39E3E28D3E74E007B0CAB /* Main.storyboard */; };
		60A39E4228D3E751007B0CAB /* Assets.xcassets in Resources */ = {isa = PBXBuildFile; fileRef = 60A39E4128D3E751007B0CAB /* Assets.xcassets */; };
		60A39E4528D3E751007B0CAB /* LaunchScreen.storyboard in Resources */ = {isa = PBXBuildFile; fileRef = 60A39E4328D3E751007B0CAB /* LaunchScreen.storyboard */; };
		60A39E5028D3E751007B0CAB /* FlixPt1Tests.swift in Sources */ = {isa = PBXBuildFile; fileRef = 60A39E4F28D3E751007B0CAB /* FlixPt1Tests.swift */; };
		60A39E5A28D3E751007B0CAB /* FlixPt1UITests.swift in Sources */ = {isa = PBXBuildFile; fileRef = 60A39E5928D3E751007B0CAB /* FlixPt1UITests.swift */; };
		60A39E5C28D3E751007B0CAB /* FlixPt1UITestsLaunchTests.swift in Sources */ = {isa = PBXBuildFile; fileRef = 60A39E5B28D3E751007B0CAB /* FlixPt1UITestsLaunchTests.swift */; };
		60A39E7128D40971007B0CAB /* TableViewCell.swift in Sources */ = {isa = PBXBuildFile; fileRef = 60A39E7028D40971007B0CAB /* TableViewCell.swift */; };
		60E017C028D428A1001CFEFC /* AlamofireImage in Frameworks */ = {isa = PBXBuildFile; productRef = 60E017BF28D428A1001CFEFC /* AlamofireImage */; };
/* End PBXBuildFile section */

/* Begin PBXContainerItemProxy section */
		60A39E4C28D3E751007B0CAB /* PBXContainerItemProxy */ = {
			isa = PBXContainerItemProxy;
			containerPortal = 60A39E2D28D3E74D007B0CAB /* Project object */;
			proxyType = 1;
			remoteGlobalIDString = 60A39E3428D3E74D007B0CAB;
			remoteInfo = FlixPt1;
		};
		60A39E5628D3E751007B0CAB /* PBXContainerItemProxy */ = {
			isa = PBXContainerItemProxy;
			containerPortal = 60A39E2D28D3E74D007B0CAB /* Project object */;
			proxyType = 1;
			remoteGlobalIDString = 60A39E3428D3E74D007B0CAB;
			remoteInfo = FlixPt1;
		};
/* End PBXContainerItemProxy section */

/* Begin PBXFileReference section */
		60A39E3528D3E74E007B0CAB /* FlixPt1.app */ = {isa = PBXFileReference; explicitFileType = wrapper.application; includeInIndex = 0; path = FlixPt1.app; sourceTree = BUILT_PRODUCTS_DIR; };
		60A39E3828D3E74E007B0CAB /* AppDelegate.swift */ = {isa = PBXFileReference; lastKnownFileType = sourcecode.swift; path = AppDelegate.swift; sourceTree = "<group>"; };
		60A39E3A28D3E74E007B0CAB /* SceneDelegate.swift */ = {isa = PBXFileReference; lastKnownFileType = sourcecode.swift; path = SceneDelegate.swift; sourceTree = "<group>"; };
		60A39E3C28D3E74E007B0CAB /* ViewController.swift */ = {isa = PBXFileReference; lastKnownFileType = sourcecode.swift; path = ViewController.swift; sourceTree = "<group>"; };
		60A39E3F28D3E74E007B0CAB /* Base */ = {isa = PBXFileReference; lastKnownFileType = file.storyboard; name = Base; path = Base.lproj/Main.storyboard; sourceTree = "<group>"; };
		60A39E4128D3E751007B0CAB /* Assets.xcassets */ = {isa = PBXFileReference; lastKnownFileType = folder.assetcatalog; path = Assets.xcassets; sourceTree = "<group>"; };
		60A39E4428D3E751007B0CAB /* Base */ = {isa = PBXFileReference; lastKnownFileType = file.storyboard; name = Base; path = Base.lproj/LaunchScreen.storyboard; sourceTree = "<group>"; };
		60A39E4628D3E751007B0CAB /* Info.plist */ = {isa = PBXFileReference; lastKnownFileType = text.plist.xml; path = Info.plist; sourceTree = "<group>"; };
		60A39E4B28D3E751007B0CAB /* FlixPt1Tests.xctest */ = {isa = PBXFileReference; explicitFileType = wrapper.cfbundle; includeInIndex = 0; path = FlixPt1Tests.xctest; sourceTree = BUILT_PRODUCTS_DIR; };
		60A39E4F28D3E751007B0CAB /* FlixPt1Tests.swift */ = {isa = PBXFileReference; lastKnownFileType = sourcecode.swift; path = FlixPt1Tests.swift; sourceTree = "<group>"; };
		60A39E5528D3E751007B0CAB /* FlixPt1UITests.xctest */ = {isa = PBXFileReference; explicitFileType = wrapper.cfbundle; includeInIndex = 0; path = FlixPt1UITests.xctest; sourceTree = BUILT_PRODUCTS_DIR; };
		60A39E5928D3E751007B0CAB /* FlixPt1UITests.swift */ = {isa = PBXFileReference; lastKnownFileType = sourcecode.swift; path = FlixPt1UITests.swift; sourceTree = "<group>"; };
		60A39E5B28D3E751007B0CAB /* FlixPt1UITestsLaunchTests.swift */ = {isa = PBXFileReference; lastKnownFileType = sourcecode.swift; path = FlixPt1UITestsLaunchTests.swift; sourceTree = "<group>"; };
		60A39E7028D40971007B0CAB /* TableViewCell.swift */ = {isa = PBXFileReference; lastKnownFileType = sourcecode.swift; path = TableViewCell.swift; sourceTree = "<group>"; };
/* End PBXFileReference section */

/* Begin PBXFrameworksBuildPhase section */
		60A39E3228D3E74D007B0CAB /* Frameworks */ = {
			isa = PBXFrameworksBuildPhase;
			buildActionMask = 2147483647;
			files = (
				60E017C028D428A1001CFEFC /* AlamofireImage in Frameworks */,
			);
			runOnlyForDeploymentPostprocessing = 0;
		};
		60A39E4828D3E751007B0CAB /* Frameworks */ = {
			isa = PBXFrameworksBuildPhase;
			buildActionMask = 2147483647;
			files = (
			);
			runOnlyForDeploymentPostprocessing = 0;
		};
		60A39E5228D3E751007B0CAB /* Frameworks */ = {
			isa = PBXFrameworksBuildPhase;
			buildActionMask = 2147483647;
			files = (
			);
			runOnlyForDeploymentPostprocessing = 0;
		};
/* End PBXFrameworksBuildPhase section */

/* Begin PBXGroup section */
		60A39E2C28D3E74D007B0CAB = {
			isa = PBXGroup;
			children = (
				60A39E3728D3E74E007B0CAB /* FlixPt1 */,
				60A39E4E28D3E751007B0CAB /* FlixPt1Tests */,
				60A39E5828D3E751007B0CAB /* FlixPt1UITests */,
				60A39E3628D3E74E007B0CAB /* Products */,
			);
			sourceTree = "<group>";
		};
		60A39E3628D3E74E007B0CAB /* Products */ = {
			isa = PBXGroup;
			children = (
				60A39E3528D3E74E007B0CAB /* FlixPt1.app */,
				60A39E4B28D3E751007B0CAB /* FlixPt1Tests.xctest */,
				60A39E5528D3E751007B0CAB /* FlixPt1UITests.xctest */,
			);
			name = Products;
			sourceTree = "<group>";
		};
		60A39E3728D3E74E007B0CAB /* FlixPt1 */ = {
			isa = PBXGroup;
			children = (
				60A39E3828D3E74E007B0CAB /* AppDelegate.swift */,
				60A39E3A28D3E74E007B0CAB /* SceneDelegate.swift */,
				60A39E3C28D3E74E007B0CAB /* ViewController.swift */,
				60A39E3E28D3E74E007B0CAB /* Main.storyboard */,
				60A39E7028D40971007B0CAB /* TableViewCell.swift */,
				60A39E4128D3E751007B0CAB /* Assets.xcassets */,
				60A39E4328D3E751007B0CAB /* LaunchScreen.storyboard */,
				60A39E4628D3E751007B0CAB /* Info.plist */,
			);
			path = FlixPt1;
			sourceTree = "<group>";
		};
		60A39E4E28D3E751007B0CAB /* FlixPt1Tests */ = {
			isa = PBXGroup;
			children = (
				60A39E4F28D3E751007B0CAB /* FlixPt1Tests.swift */,
			);
			path = FlixPt1Tests;
			sourceTree = "<group>";
		};
		60A39E5828D3E751007B0CAB /* FlixPt1UITests */ = {
			isa = PBXGroup;
			children = (
				60A39E5928D3E751007B0CAB /* FlixPt1UITests.swift */,
				60A39E5B28D3E751007B0CAB /* FlixPt1UITestsLaunchTests.swift */,
			);
			path = FlixPt1UITests;
			sourceTree = "<group>";
		};
/* End PBXGroup section */

/* Begin PBXNativeTarget section */
		60A39E3428D3E74D007B0CAB /* FlixPt1 */ = {
			isa = PBXNativeTarget;
			buildConfigurationList = 60A39E5F28D3E751007B0CAB /* Build configuration list for PBXNativeTarget "FlixPt1" */;
			buildPhases = (
				60A39E3128D3E74D007B0CAB /* Sources */,
				60A39E3228D3E74D007B0CAB /* Frameworks */,
				60A39E3328D3E74D007B0CAB /* Resources */,
			);
			buildRules = (
			);
			dependencies = (
			);
			name = FlixPt1;
			packageProductDependencies = (
				60E017BF28D428A1001CFEFC /* AlamofireImage */,
			);
			productName = FlixPt1;
			productReference = 60A39E3528D3E74E007B0CAB /* FlixPt1.app */;
			productType = "com.apple.product-type.application";
		};
		60A39E4A28D3E751007B0CAB /* FlixPt1Tests */ = {
			isa = PBXNativeTarget;
			buildConfigurationList = 60A39E6228D3E751007B0CAB /* Build configuration list for PBXNativeTarget "FlixPt1Tests" */;
			buildPhases = (
				60A39E4728D3E751007B0CAB /* Sources */,
				60A39E4828D3E751007B0CAB /* Frameworks */,
				60A39E4928D3E751007B0CAB /* Resources */,
			);
			buildRules = (
			);
			dependencies = (
				60A39E4D28D3E751007B0CAB /* PBXTargetDependency */,
			);
			name = FlixPt1Tests;
			productName = FlixPt1Tests;
			productReference = 60A39E4B28D3E751007B0CAB /* FlixPt1Tests.xctest */;
			productType = "com.apple.product-type.bundle.unit-test";
		};
		60A39E5428D3E751007B0CAB /* FlixPt1UITests */ = {
			isa = PBXNativeTarget;
			buildConfigurationList = 60A39E6528D3E751007B0CAB /* Build configuration list for PBXNativeTarget "FlixPt1UITests" */;
			buildPhases = (
				60A39E5128D3E751007B0CAB /* Sources */,
				60A39E5228D3E751007B0CAB /* Frameworks */,
				60A39E5328D3E751007B0CAB /* Resources */,
			);
			buildRules = (
			);
			dependencies = (
				60A39E5728D3E751007B0CAB /* PBXTargetDependency */,
			);
			name = FlixPt1UITests;
			productName = FlixPt1UITests;
			productReference = 60A39E5528D3E751007B0CAB /* FlixPt1UITests.xctest */;
			productType = "com.apple.product-type.bundle.ui-testing";
		};
/* End PBXNativeTarget section */

/* Begin PBXProject section */
		60A39E2D28D3E74D007B0CAB /* Project object */ = {
			isa = PBXProject;
			attributes = {
				BuildIndependentTargetsInParallel = 1;
				LastSwiftUpdateCheck = 1340;
				LastUpgradeCheck = 1340;
				TargetAttributes = {
					60A39E3428D3E74D007B0CAB = {
						CreatedOnToolsVersion = 13.4.1;
					};
					60A39E4A28D3E751007B0CAB = {
						CreatedOnToolsVersion = 13.4.1;
						TestTargetID = 60A39E3428D3E74D007B0CAB;
					};
					60A39E5428D3E751007B0CAB = {
						CreatedOnToolsVersion = 13.4.1;
						TestTargetID = 60A39E3428D3E74D007B0CAB;
					};
				};
			};
			buildConfigurationList = 60A39E3028D3E74D007B0CAB /* Build configuration list for PBXProject "FlixPt1" */;
			compatibilityVersion = "Xcode 13.0";
			developmentRegion = en;
			hasScannedForEncodings = 0;
			knownRegions = (
				en,
				Base,
			);
			mainGroup = 60A39E2C28D3E74D007B0CAB;
			packageReferences = (
				60E017BE28D428A1001CFEFC /* XCRemoteSwiftPackageReference "AlamofireImage" */,
			);
			productRefGroup = 60A39E3628D3E74E007B0CAB /* Products */;
			projectDirPath = "";
			projectRoot = "";
			targets = (
				60A39E3428D3E74D007B0CAB /* FlixPt1 */,
				60A39E4A28D3E751007B0CAB /* FlixPt1Tests */,
				60A39E5428D3E751007B0CAB /* FlixPt1UITests */,
			);
		};
/* End PBXProject section */

/* Begin PBXResourcesBuildPhase section */
		60A39E3328D3E74D007B0CAB /* Resources */ = {
			isa = PBXResourcesBuildPhase;
			buildActionMask = 2147483647;
			files = (
				60A39E4528D3E751007B0CAB /* LaunchScreen.storyboard in Resources */,
				60A39E4228D3E751007B0CAB /* Assets.xcassets in Resources */,
				60A39E4028D3E74E007B0CAB /* Main.storyboard in Resources */,
			);
			runOnlyForDeploymentPostprocessing = 0;
		};
		60A39E4928D3E751007B0CAB /* Resources */ = {
			isa = PBXResourcesBuildPhase;
			buildActionMask = 2147483647;
			files = (
			);
			runOnlyForDeploymentPostprocessing = 0;
		};
		60A39E5328D3E751007B0CAB /* Resources */ = {
			isa = PBXResourcesBuildPhase;
			buildActionMask = 2147483647;
			files = (
			);
			runOnlyForDeploymentPostprocessing = 0;
		};
/* End PBXResourcesBuildPhase section */

/* Begin PBXSourcesBuildPhase section */
		60A39E3128D3E74D007B0CAB /* Sources */ = {
			isa = PBXSourcesBuildPhase;
			buildActionMask = 2147483647;
			files = (
				60A39E3D28D3E74E007B0CAB /* ViewController.swift in Sources */,
				60A39E3928D3E74E007B0CAB /* AppDelegate.swift in Sources */,
				60A39E7128D40971007B0CAB /* TableViewCell.swift in Sources */,
				60A39E3B28D3E74E007B0CAB /* SceneDelegate.swift in Sources */,
			);
			runOnlyForDeploymentPostprocessing = 0;
		};
		60A39E4728D3E751007B0CAB /* Sources */ = {
			isa = PBXSourcesBuildPhase;
			buildActionMask = 2147483647;
			files = (
				60A39E5028D3E751007B0CAB /* FlixPt1Tests.swift in Sources */,
			);
			runOnlyForDeploymentPostprocessing = 0;
		};
		60A39E5128D3E751007B0CAB /* Sources */ = {
			isa = PBXSourcesBuildPhase;
			buildActionMask = 2147483647;
			files = (
				60A39E5A28D3E751007B0CAB /* FlixPt1UITests.swift in Sources */,
				60A39E5C28D3E751007B0CAB /* FlixPt1UITestsLaunchTests.swift in Sources */,
			);
			runOnlyForDeploymentPostprocessing = 0;
		};
/* End PBXSourcesBuildPhase section */

/* Begin PBXTargetDependency section */
		60A39E4D28D3E751007B0CAB /* PBXTargetDependency */ = {
			isa = PBXTargetDependency;
			target = 60A39E3428D3E74D007B0CAB /* FlixPt1 */;
			targetProxy = 60A39E4C28D3E751007B0CAB /* PBXContainerItemProxy */;
		};
		60A39E5728D3E751007B0CAB /* PBXTargetDependency */ = {
			isa = PBXTargetDependency;
			target = 60A39E3428D3E74D007B0CAB /* FlixPt1 */;
			targetProxy = 60A39E5628D3E751007B0CAB /* PBXContainerItemProxy */;
		};
/* End PBXTargetDependency section */

/* Begin PBXVariantGroup section */
		60A39E3E28D3E74E007B0CAB /* Main.storyboard */ = {
			isa = PBXVariantGroup;
			children = (
				60A39E3F28D3E74E007B0CAB /* Base */,
			);
			name = Main.storyboard;
			sourceTree = "<group>";
		};
		60A39E4328D3E751007B0CAB /* LaunchScreen.storyboard */ = {
			isa = PBXVariantGroup;
			children = (
				60A39E4428D3E751007B0CAB /* Base */,
			);
			name = LaunchScreen.storyboard;
			sourceTree = "<group>";
		};
/* End PBXVariantGroup section */

/* Begin XCBuildConfiguration section */
		60A39E5D28D3E751007B0CAB /* Debug */ = {
			isa = XCBuildConfiguration;
			buildSettings = {
				ALWAYS_SEARCH_USER_PATHS = NO;
				CLANG_ANALYZER_NONNULL = YES;
				CLANG_ANALYZER_NUMBER_OBJECT_CONVERSION = YES_AGGRESSIVE;
				CLANG_CXX_LANGUAGE_STANDARD = "gnu++17";
				CLANG_ENABLE_MODULES = YES;
				CLANG_ENABLE_OBJC_ARC = YES;
				CLANG_ENABLE_OBJC_WEAK = YES;
				CLANG_WARN_BLOCK_CAPTURE_AUTORELEASING = YES;
				CLANG_WARN_BOOL_CONVERSION = YES;
				CLANG_WARN_COMMA = YES;
				CLANG_WARN_CONSTANT_CONVERSION = YES;
				CLANG_WARN_DEPRECATED_OBJC_IMPLEMENTATIONS = YES;
				CLANG_WARN_DIRECT_OBJC_ISA_USAGE = YES_ERROR;
				CLANG_WARN_DOCUMENTATION_COMMENTS = YES;
				CLANG_WARN_EMPTY_BODY = YES;
				CLANG_WARN_ENUM_CONVERSION = YES;
				CLANG_WARN_INFINITE_RECURSION = YES;
				CLANG_WARN_INT_CONVERSION = YES;
				CLANG_WARN_NON_LITERAL_NULL_CONVERSION = YES;
				CLANG_WARN_OBJC_IMPLICIT_RETAIN_SELF = YES;
				CLANG_WARN_OBJC_LITERAL_CONVERSION = YES;
				CLANG_WARN_OBJC_ROOT_CLASS = YES_ERROR;
				CLANG_WARN_QUOTED_INCLUDE_IN_FRAMEWORK_HEADER = YES;
				CLANG_WARN_RANGE_LOOP_ANALYSIS = YES;
				CLANG_WARN_STRICT_PROTOTYPES = YES;
				CLANG_WARN_SUSPICIOUS_MOVE = YES;
				CLANG_WARN_UNGUARDED_AVAILABILITY = YES_AGGRESSIVE;
				CLANG_WARN_UNREACHABLE_CODE = YES;
				CLANG_WARN__DUPLICATE_METHOD_MATCH = YES;
				COPY_PHASE_STRIP = NO;
				DEBUG_INFORMATION_FORMAT = dwarf;
				ENABLE_STRICT_OBJC_MSGSEND = YES;
				ENABLE_TESTABILITY = YES;
				GCC_C_LANGUAGE_STANDARD = gnu11;
				GCC_DYNAMIC_NO_PIC = NO;
				GCC_NO_COMMON_BLOCKS = YES;
				GCC_OPTIMIZATION_LEVEL = 0;
				GCC_PREPROCESSOR_DEFINITIONS = (
					"DEBUG=1",
					"$(inherited)",
				);
				GCC_WARN_64_TO_32_BIT_CONVERSION = YES;
				GCC_WARN_ABOUT_RETURN_TYPE = YES_ERROR;
				GCC_WARN_UNDECLARED_SELECTOR = YES;
				GCC_WARN_UNINITIALIZED_AUTOS = YES_AGGRESSIVE;
				GCC_WARN_UNUSED_FUNCTION = YES;
				GCC_WARN_UNUSED_VARIABLE = YES;
				IPHONEOS_DEPLOYMENT_TARGET = 15.5;
				MTL_ENABLE_DEBUG_INFO = INCLUDE_SOURCE;
				MTL_FAST_MATH = YES;
				ONLY_ACTIVE_ARCH = YES;
				SDKROOT = iphoneos;
				SWIFT_ACTIVE_COMPILATION_CONDITIONS = DEBUG;
				SWIFT_OPTIMIZATION_LEVEL = "-Onone";
			};
			name = Debug;
		};
		60A39E5E28D3E751007B0CAB /* Release */ = {
			isa = XCBuildConfiguration;
			buildSettings = {
				ALWAYS_SEARCH_USER_PATHS = NO;
				CLANG_ANALYZER_NONNULL = YES;
				CLANG_ANALYZER_NUMBER_OBJECT_CONVERSION = YES_AGGRESSIVE;
				CLANG_CXX_LANGUAGE_STANDARD = "gnu++17";
				CLANG_ENABLE_MODULES = YES;
				CLANG_ENABLE_OBJC_ARC = YES;
				CLANG_ENABLE_OBJC_WEAK = YES;
				CLANG_WARN_BLOCK_CAPTURE_AUTORELEASING = YES;
				CLANG_WARN_BOOL_CONVERSION = YES;
				CLANG_WARN_COMMA = YES;
				CLANG_WARN_CONSTANT_CONVERSION = YES;
				CLANG_WARN_DEPRECATED_OBJC_IMPLEMENTATIONS = YES;
				CLANG_WARN_DIRECT_OBJC_ISA_USAGE = YES_ERROR;
				CLANG_WARN_DOCUMENTATION_COMMENTS = YES;
				CLANG_WARN_EMPTY_BODY = YES;
				CLANG_WARN_ENUM_CONVERSION = YES;
				CLANG_WARN_INFINITE_RECURSION = YES;
				CLANG_WARN_INT_CONVERSION = YES;
				CLANG_WARN_NON_LITERAL_NULL_CONVERSION = YES;
				CLANG_WARN_OBJC_IMPLICIT_RETAIN_SELF = YES;
				CLANG_WARN_OBJC_LITERAL_CONVERSION = YES;
				CLANG_WARN_OBJC_ROOT_CLASS = YES_ERROR;
				CLANG_WARN_QUOTED_INCLUDE_IN_FRAMEWORK_HEADER = YES;
				CLANG_WARN_RANGE_LOOP_ANALYSIS = YES;
				CLANG_WARN_STRICT_PROTOTYPES = YES;
				CLANG_WARN_SUSPICIOUS_MOVE = YES;
				CLANG_WARN_UNGUARDED_AVAILABILITY = YES_AGGRESSIVE;
				CLANG_WARN_UNREACHABLE_CODE = YES;
				CLANG_WARN__DUPLICATE_METHOD_MATCH = YES;
				COPY_PHASE_STRIP = NO;
				DEBUG_INFORMATION_FORMAT = "dwarf-with-dsym";
				ENABLE_NS_ASSERTIONS = NO;
				ENABLE_STRICT_OBJC_MSGSEND = YES;
				GCC_C_LANGUAGE_STANDARD = gnu11;
				GCC_NO_COMMON_BLOCKS = YES;
				GCC_WARN_64_TO_32_BIT_CONVERSION = YES;
				GCC_WARN_ABOUT_RETURN_TYPE = YES_ERROR;
				GCC_WARN_UNDECLARED_SELECTOR = YES;
				GCC_WARN_UNINITIALIZED_AUTOS = YES_AGGRESSIVE;
				GCC_WARN_UNUSED_FUNCTION = YES;
				GCC_WARN_UNUSED_VARIABLE = YES;
				IPHONEOS_DEPLOYMENT_TARGET = 15.5;
				MTL_ENABLE_DEBUG_INFO = NO;
				MTL_FAST_MATH = YES;
				SDKROOT = iphoneos;
				SWIFT_COMPILATION_MODE = wholemodule;
				SWIFT_OPTIMIZATION_LEVEL = "-O";
				VALIDATE_PRODUCT = YES;
			};
			name = Release;
		};
		60A39E6028D3E751007B0CAB /* Debug */ = {
			isa = XCBuildConfiguration;
			buildSettings = {
				ASSETCATALOG_COMPILER_APPICON_NAME = AppIcon;
				ASSETCATALOG_COMPILER_GLOBAL_ACCENT_COLOR_NAME = AccentColor;
				CODE_SIGN_STYLE = Automatic;
				CURRENT_PROJECT_VERSION = 1;
				GENERATE_INFOPLIST_FILE = YES;
				INFOPLIST_FILE = FlixPt1/Info.plist;
				INFOPLIST_KEY_UIApplicationSupportsIndirectInputEvents = YES;
				INFOPLIST_KEY_UILaunchStoryboardName = LaunchScreen;
				INFOPLIST_KEY_UIMainStoryboardFile = Main;
				INFOPLIST_KEY_UISupportedInterfaceOrientations_iPad = "UIInterfaceOrientationPortrait UIInterfaceOrientationPortraitUpsideDown UIInterfaceOrientationLandscapeLeft UIInterfaceOrientationLandscapeRight";
				INFOPLIST_KEY_UISupportedInterfaceOrientations_iPhone = "UIInterfaceOrientationPortrait UIInterfaceOrientationLandscapeLeft UIInterfaceOrientationLandscapeRight";
				LD_RUNPATH_SEARCH_PATHS = (
					"$(inherited)",
					"@executable_path/Frameworks",
				);
				MARKETING_VERSION = 1.0;
				PRODUCT_BUNDLE_IDENTIFIER = com.damianroz.FlixPt1;
				PRODUCT_NAME = "$(TARGET_NAME)";
				SWIFT_EMIT_LOC_STRINGS = YES;
				SWIFT_VERSION = 5.0;
				TARGETED_DEVICE_FAMILY = "1,2";
			};
			name = Debug;
		};
		60A39E6128D3E751007B0CAB /* Release */ = {
			isa = XCBuildConfiguration;
			buildSettings = {
				ASSETCATALOG_COMPILER_APPICON_NAME = AppIcon;
				ASSETCATALOG_COMPILER_GLOBAL_ACCENT_COLOR_NAME = AccentColor;
				CODE_SIGN_STYLE = Automatic;
				CURRENT_PROJECT_VERSION = 1;
				GENERATE_INFOPLIST_FILE = YES;
				INFOPLIST_FILE = FlixPt1/Info.plist;
				INFOPLIST_KEY_UIApplicationSupportsIndirectInputEvents = YES;
				INFOPLIST_KEY_UILaunchStoryboardName = LaunchScreen;
				INFOPLIST_KEY_UIMainStoryboardFile = Main;
				INFOPLIST_KEY_UISupportedInterfaceOrientations_iPad = "UIInterfaceOrientationPortrait UIInterfaceOrientationPortraitUpsideDown UIInterfaceOrientationLandscapeLeft UIInterfaceOrientationLandscapeRight";
				INFOPLIST_KEY_UISupportedInterfaceOrientations_iPhone = "UIInterfaceOrientationPortrait UIInterfaceOrientationLandscapeLeft UIInterfaceOrientationLandscapeRight";
				LD_RUNPATH_SEARCH_PATHS = (
					"$(inherited)",
					"@executable_path/Frameworks",
				);
				MARKETING_VERSION = 1.0;
				PRODUCT_BUNDLE_IDENTIFIER = com.damianroz.FlixPt1;
				PRODUCT_NAME = "$(TARGET_NAME)";
				SWIFT_EMIT_LOC_STRINGS = YES;
				SWIFT_VERSION = 5.0;
				TARGETED_DEVICE_FAMILY = "1,2";
			};
			name = Release;
		};
		60A39E6328D3E751007B0CAB /* Debug */ = {
			isa = XCBuildConfiguration;
			buildSettings = {
				ALWAYS_EMBED_SWIFT_STANDARD_LIBRARIES = YES;
				BUNDLE_LOADER = "$(TEST_HOST)";
				CODE_SIGN_STYLE = Automatic;
				CURRENT_PROJECT_VERSION = 1;
				GENERATE_INFOPLIST_FILE = YES;
				IPHONEOS_DEPLOYMENT_TARGET = 15.5;
				MARKETING_VERSION = 1.0;
				PRODUCT_BUNDLE_IDENTIFIER = com.damianroz.FlixPt1Tests;
				PRODUCT_NAME = "$(TARGET_NAME)";
				SWIFT_EMIT_LOC_STRINGS = NO;
				SWIFT_VERSION = 5.0;
				TARGETED_DEVICE_FAMILY = "1,2";
				TEST_HOST = "$(BUILT_PRODUCTS_DIR)/FlixPt1.app/FlixPt1";
			};
			name = Debug;
		};
		60A39E6428D3E751007B0CAB /* Release */ = {
			isa = XCBuildConfiguration;
			buildSettings = {
				ALWAYS_EMBED_SWIFT_STANDARD_LIBRARIES = YES;
				BUNDLE_LOADER = "$(TEST_HOST)";
				CODE_SIGN_STYLE = Automatic;
				CURRENT_PROJECT_VERSION = 1;
				GENERATE_INFOPLIST_FILE = YES;
				IPHONEOS_DEPLOYMENT_TARGET = 15.5;
				MARKETING_VERSION = 1.0;
				PRODUCT_BUNDLE_IDENTIFIER = com.damianroz.FlixPt1Tests;
				PRODUCT_NAME = "$(TARGET_NAME)";
				SWIFT_EMIT_LOC_STRINGS = NO;
				SWIFT_VERSION = 5.0;
				TARGETED_DEVICE_FAMILY = "1,2";
				TEST_HOST = "$(BUILT_PRODUCTS_DIR)/FlixPt1.app/FlixPt1";
			};
			name = Release;
		};
		60A39E6628D3E751007B0CAB /* Debug */ = {
			isa = XCBuildConfiguration;
			buildSettings = {
				ALWAYS_EMBED_SWIFT_STANDARD_LIBRARIES = YES;
				CODE_SIGN_STYLE = Automatic;
				CURRENT_PROJECT_VERSION = 1;
				GENERATE_INFOPLIST_FILE = YES;
				MARKETING_VERSION = 1.0;
				PRODUCT_BUNDLE_IDENTIFIER = com.damianroz.FlixPt1UITests;
				PRODUCT_NAME = "$(TARGET_NAME)";
				SWIFT_EMIT_LOC_STRINGS = NO;
				SWIFT_VERSION = 5.0;
				TARGETED_DEVICE_FAMILY = "1,2";
				TEST_TARGET_NAME = FlixPt1;
			};
			name = Debug;
		};
		60A39E6728D3E751007B0CAB /* Release */ = {
			isa = XCBuildConfiguration;
			buildSettings = {
				ALWAYS_EMBED_SWIFT_STANDARD_LIBRARIES = YES;
				CODE_SIGN_STYLE = Automatic;
				CURRENT_PROJECT_VERSION = 1;
				GENERATE_INFOPLIST_FILE = YES;
				MARKETING_VERSION = 1.0;
				PRODUCT_BUNDLE_IDENTIFIER = com.damianroz.FlixPt1UITests;
				PRODUCT_NAME = "$(TARGET_NAME)";
				SWIFT_EMIT_LOC_STRINGS = NO;
				SWIFT_VERSION = 5.0;
				TARGETED_DEVICE_FAMILY = "1,2";
				TEST_TARGET_NAME = FlixPt1;
			};
			name = Release;
		};
/* End XCBuildConfiguration section */

/* Begin XCConfigurationList section */
		60A39E3028D3E74D007B0CAB /* Build configuration list for PBXProject "FlixPt1" */ = {
			isa = XCConfigurationList;
			buildConfigurations = (
				60A39E5D28D3E751007B0CAB /* Debug */,
				60A39E5E28D3E751007B0CAB /* Release */,
			);
			defaultConfigurationIsVisible = 0;
			defaultConfigurationName = Release;
		};
		60A39E5F28D3E751007B0CAB /* Build configuration list for PBXNativeTarget "FlixPt1" */ = {
			isa = XCConfigurationList;
			buildConfigurations = (
				60A39E6028D3E751007B0CAB /* Debug */,
				60A39E6128D3E751007B0CAB /* Release */,
			);
			defaultConfigurationIsVisible = 0;
			defaultConfigurationName = Release;
		};
		60A39E6228D3E751007B0CAB /* Build configuration list for PBXNativeTarget "FlixPt1Tests" */ = {
			isa = XCConfigurationList;
			buildConfigurations = (
				60A39E6328D3E751007B0CAB /* Debug */,
				60A39E6428D3E751007B0CAB /* Release */,
			);
			defaultConfigurationIsVisible = 0;
			defaultConfigurationName = Release;
		};
		60A39E6528D3E751007B0CAB /* Build configuration list for PBXNativeTarget "FlixPt1UITests" */ = {
			isa = XCConfigurationList;
			buildConfigurations = (
				60A39E6628D3E751007B0CAB /* Debug */,
				60A39E6728D3E751007B0CAB /* Release */,
			);
			defaultConfigurationIsVisible = 0;
			defaultConfigurationName = Release;
		};
/* End XCConfigurationList section */

/* Begin XCRemoteSwiftPackageReference section */
		60E017BE28D428A1001CFEFC /* XCRemoteSwiftPackageReference "AlamofireImage" */ = {
			isa = XCRemoteSwiftPackageReference;
			repositoryURL = "https://github.com/Alamofire/AlamofireImage";
			requirement = {
				kind = upToNextMajorVersion;
				minimumVersion = 4.0.0;
			};
		};
/* End XCRemoteSwiftPackageReference section */

/* Begin XCSwiftPackageProductDependency section */
		60E017BF28D428A1001CFEFC /* AlamofireImage */ = {
			isa = XCSwiftPackageProductDependency;
			package = 60E017BE28D428A1001CFEFC /* XCRemoteSwiftPackageReference "AlamofireImage" */;
			productName = AlamofireImage;
		};
/* End XCSwiftPackageProductDependency section */
	};
	rootObject = 60A39E2D28D3E74D007B0CAB /* Project object */;
}
